// !$*UTF8*$!
{
	archiveVersion = 1;
	classes = {
	};
	objectVersion = 56;
	objects = {

/* Begin PBXBuildFile section */
		2770235329F5AF5B00F0FC7E /* FirebaseAnalytics in Frameworks */ = {isa = PBXBuildFile; productRef = 2770235229F5AF5B00F0FC7E /* FirebaseAnalytics */; };
		2770235529F5AF5B00F0FC7E /* FirebaseAnalyticsOnDeviceConversion in Frameworks */ = {isa = PBXBuildFile; productRef = 2770235429F5AF5B00F0FC7E /* FirebaseAnalyticsOnDeviceConversion */; };
		2770235729F5AF5B00F0FC7E /* FirebaseAnalyticsSwift in Frameworks */ = {isa = PBXBuildFile; productRef = 2770235629F5AF5B00F0FC7E /* FirebaseAnalyticsSwift */; };
		2770235929F5AF5B00F0FC7E /* FirebaseAnalyticsWithoutAdIdSupport in Frameworks */ = {isa = PBXBuildFile; productRef = 2770235829F5AF5B00F0FC7E /* FirebaseAnalyticsWithoutAdIdSupport */; };
		2770235B29F5AF5B00F0FC7E /* FirebaseAppCheck in Frameworks */ = {isa = PBXBuildFile; productRef = 2770235A29F5AF5B00F0FC7E /* FirebaseAppCheck */; };
		2770235D29F5AF5B00F0FC7E /* FirebaseAppDistribution-Beta in Frameworks */ = {isa = PBXBuildFile; productRef = 2770235C29F5AF5B00F0FC7E /* FirebaseAppDistribution-Beta */; };
		2770235F29F5AF5B00F0FC7E /* FirebaseAuth in Frameworks */ = {isa = PBXBuildFile; productRef = 2770235E29F5AF5B00F0FC7E /* FirebaseAuth */; };
		2770236129F5AF5B00F0FC7E /* FirebaseAuthCombine-Community in Frameworks */ = {isa = PBXBuildFile; productRef = 2770236029F5AF5B00F0FC7E /* FirebaseAuthCombine-Community */; };
		2770236329F5AF5B00F0FC7E /* FirebaseCrashlytics in Frameworks */ = {isa = PBXBuildFile; productRef = 2770236229F5AF5B00F0FC7E /* FirebaseCrashlytics */; };
		2770236529F5AF5B00F0FC7E /* FirebaseDatabase in Frameworks */ = {isa = PBXBuildFile; productRef = 2770236429F5AF5B00F0FC7E /* FirebaseDatabase */; };
		2770236729F5AF5B00F0FC7E /* FirebaseDatabaseSwift in Frameworks */ = {isa = PBXBuildFile; productRef = 2770236629F5AF5B00F0FC7E /* FirebaseDatabaseSwift */; };
		2770236929F5AF5B00F0FC7E /* FirebaseDynamicLinks in Frameworks */ = {isa = PBXBuildFile; productRef = 2770236829F5AF5B00F0FC7E /* FirebaseDynamicLinks */; };
		2770236B29F5AF5B00F0FC7E /* FirebaseFirestore in Frameworks */ = {isa = PBXBuildFile; productRef = 2770236A29F5AF5B00F0FC7E /* FirebaseFirestore */; };
		2770236D29F5AF5B00F0FC7E /* FirebaseFirestoreCombine-Community in Frameworks */ = {isa = PBXBuildFile; productRef = 2770236C29F5AF5B00F0FC7E /* FirebaseFirestoreCombine-Community */; };
		2770236F29F5AF5B00F0FC7E /* FirebaseFirestoreSwift in Frameworks */ = {isa = PBXBuildFile; productRef = 2770236E29F5AF5B00F0FC7E /* FirebaseFirestoreSwift */; };
		2770237129F5AF5B00F0FC7E /* FirebaseFunctions in Frameworks */ = {isa = PBXBuildFile; productRef = 2770237029F5AF5B00F0FC7E /* FirebaseFunctions */; };
		2770237329F5AF5B00F0FC7E /* FirebaseFunctionsCombine-Community in Frameworks */ = {isa = PBXBuildFile; productRef = 2770237229F5AF5B00F0FC7E /* FirebaseFunctionsCombine-Community */; };
		2770237529F5AF5B00F0FC7E /* FirebaseInAppMessaging-Beta in Frameworks */ = {isa = PBXBuildFile; productRef = 2770237429F5AF5B00F0FC7E /* FirebaseInAppMessaging-Beta */; };
		2770237729F5AF5B00F0FC7E /* FirebaseInAppMessagingSwift-Beta in Frameworks */ = {isa = PBXBuildFile; productRef = 2770237629F5AF5B00F0FC7E /* FirebaseInAppMessagingSwift-Beta */; };
		2770237929F5AF5B00F0FC7E /* FirebaseInstallations in Frameworks */ = {isa = PBXBuildFile; productRef = 2770237829F5AF5B00F0FC7E /* FirebaseInstallations */; };
		2770237B29F5AF5B00F0FC7E /* FirebaseMLModelDownloader in Frameworks */ = {isa = PBXBuildFile; productRef = 2770237A29F5AF5B00F0FC7E /* FirebaseMLModelDownloader */; };
		2770237D29F5AF5B00F0FC7E /* FirebaseMessaging in Frameworks */ = {isa = PBXBuildFile; productRef = 2770237C29F5AF5B00F0FC7E /* FirebaseMessaging */; };
		2770237F29F5AF5B00F0FC7E /* FirebasePerformance in Frameworks */ = {isa = PBXBuildFile; productRef = 2770237E29F5AF5B00F0FC7E /* FirebasePerformance */; };
		2770238129F5AF5B00F0FC7E /* FirebaseRemoteConfig in Frameworks */ = {isa = PBXBuildFile; productRef = 2770238029F5AF5B00F0FC7E /* FirebaseRemoteConfig */; };
		2770238329F5AF5B00F0FC7E /* FirebaseRemoteConfigSwift in Frameworks */ = {isa = PBXBuildFile; productRef = 2770238229F5AF5B00F0FC7E /* FirebaseRemoteConfigSwift */; };
		2770238529F5AF5B00F0FC7E /* FirebaseStorage in Frameworks */ = {isa = PBXBuildFile; productRef = 2770238429F5AF5B00F0FC7E /* FirebaseStorage */; };
		2770238729F5AF5B00F0FC7E /* FirebaseStorageCombine-Community in Frameworks */ = {isa = PBXBuildFile; productRef = 2770238629F5AF5B00F0FC7E /* FirebaseStorageCombine-Community */; };
		2770238B29F5B5D600F0FC7E /* DataManager.swift in Sources */ = {isa = PBXBuildFile; fileRef = 2770238A29F5B5D600F0FC7E /* DataManager.swift */; };
		27B0D22A29F581AE001203E8 /* Groups.swift in Sources */ = {isa = PBXBuildFile; fileRef = 27B0D22929F581AE001203E8 /* Groups.swift */; };
		E85E198C29F17ABF0018D3E3 /* ProductiveApp.swift in Sources */ = {isa = PBXBuildFile; fileRef = E85E198B29F17ABF0018D3E3 /* ProductiveApp.swift */; };
		E85E198E29F17ABF0018D3E3 /* ContentView.swift in Sources */ = {isa = PBXBuildFile; fileRef = E85E198D29F17ABF0018D3E3 /* ContentView.swift */; };
		E85E199029F17AC00018D3E3 /* Assets.xcassets in Resources */ = {isa = PBXBuildFile; fileRef = E85E198F29F17AC00018D3E3 /* Assets.xcassets */; };
		E85E199329F17AC00018D3E3 /* Preview Assets.xcassets in Resources */ = {isa = PBXBuildFile; fileRef = E85E199229F17AC00018D3E3 /* Preview Assets.xcassets */; };
		E85E199D29F17AC00018D3E3 /* ProductiveTests.swift in Sources */ = {isa = PBXBuildFile; fileRef = E85E199C29F17AC00018D3E3 /* ProductiveTests.swift */; };
		E85E19A729F17AC00018D3E3 /* ProductiveUITests.swift in Sources */ = {isa = PBXBuildFile; fileRef = E85E19A629F17AC00018D3E3 /* ProductiveUITests.swift */; };
		E85E19A929F17AC00018D3E3 /* ProductiveUITestsLaunchTests.swift in Sources */ = {isa = PBXBuildFile; fileRef = E85E19A829F17AC00018D3E3 /* ProductiveUITestsLaunchTests.swift */; };
		E85E19B629F17BB40018D3E3 /* DrinkView.swift in Sources */ = {isa = PBXBuildFile; fileRef = E85E19B529F17BB40018D3E3 /* DrinkView.swift */; };
		E85E19B829F17BC20018D3E3 /* GroupView.swift in Sources */ = {isa = PBXBuildFile; fileRef = E85E19B729F17BC20018D3E3 /* GroupView.swift */; };
		E85E19BA29F17BCB0018D3E3 /* HistoryView.swift in Sources */ = {isa = PBXBuildFile; fileRef = E85E19B929F17BCB0018D3E3 /* HistoryView.swift */; };
		E85E19BC29F17BD40018D3E3 /* SettingsView.swift in Sources */ = {isa = PBXBuildFile; fileRef = E85E19BB29F17BD40018D3E3 /* SettingsView.swift */; };
		E85E19BE29F291880018D3E3 /* GoogleService-Info.plist in Resources */ = {isa = PBXBuildFile; fileRef = E85E19BD29F291880018D3E3 /* GoogleService-Info.plist */; };
/* End PBXBuildFile section */

/* Begin PBXContainerItemProxy section */
		E85E199929F17AC00018D3E3 /* PBXContainerItemProxy */ = {
			isa = PBXContainerItemProxy;
			containerPortal = E85E198029F17ABF0018D3E3 /* Project object */;
			proxyType = 1;
			remoteGlobalIDString = E85E198729F17ABF0018D3E3;
			remoteInfo = Productive;
		};
		E85E19A329F17AC00018D3E3 /* PBXContainerItemProxy */ = {
			isa = PBXContainerItemProxy;
			containerPortal = E85E198029F17ABF0018D3E3 /* Project object */;
			proxyType = 1;
			remoteGlobalIDString = E85E198729F17ABF0018D3E3;
			remoteInfo = Productive;
		};
/* End PBXContainerItemProxy section */

/* Begin PBXFileReference section */
		2770238A29F5B5D600F0FC7E /* DataManager.swift */ = {isa = PBXFileReference; lastKnownFileType = sourcecode.swift; path = DataManager.swift; sourceTree = "<group>"; };
		27B0D22929F581AE001203E8 /* Groups.swift */ = {isa = PBXFileReference; lastKnownFileType = sourcecode.swift; path = Groups.swift; sourceTree = "<group>"; };
		E85E198829F17ABF0018D3E3 /* Productive.app */ = {isa = PBXFileReference; explicitFileType = wrapper.application; includeInIndex = 0; path = Productive.app; sourceTree = BUILT_PRODUCTS_DIR; };
		E85E198B29F17ABF0018D3E3 /* ProductiveApp.swift */ = {isa = PBXFileReference; lastKnownFileType = sourcecode.swift; path = ProductiveApp.swift; sourceTree = "<group>"; };
		E85E198D29F17ABF0018D3E3 /* ContentView.swift */ = {isa = PBXFileReference; lastKnownFileType = sourcecode.swift; path = ContentView.swift; sourceTree = "<group>"; };
		E85E198F29F17AC00018D3E3 /* Assets.xcassets */ = {isa = PBXFileReference; lastKnownFileType = folder.assetcatalog; path = Assets.xcassets; sourceTree = "<group>"; };
		E85E199229F17AC00018D3E3 /* Preview Assets.xcassets */ = {isa = PBXFileReference; lastKnownFileType = folder.assetcatalog; path = "Preview Assets.xcassets"; sourceTree = "<group>"; };
		E85E199829F17AC00018D3E3 /* ProductiveTests.xctest */ = {isa = PBXFileReference; explicitFileType = wrapper.cfbundle; includeInIndex = 0; path = ProductiveTests.xctest; sourceTree = BUILT_PRODUCTS_DIR; };
		E85E199C29F17AC00018D3E3 /* ProductiveTests.swift */ = {isa = PBXFileReference; lastKnownFileType = sourcecode.swift; path = ProductiveTests.swift; sourceTree = "<group>"; };
		E85E19A229F17AC00018D3E3 /* ProductiveUITests.xctest */ = {isa = PBXFileReference; explicitFileType = wrapper.cfbundle; includeInIndex = 0; path = ProductiveUITests.xctest; sourceTree = BUILT_PRODUCTS_DIR; };
		E85E19A629F17AC00018D3E3 /* ProductiveUITests.swift */ = {isa = PBXFileReference; lastKnownFileType = sourcecode.swift; path = ProductiveUITests.swift; sourceTree = "<group>"; };
		E85E19A829F17AC00018D3E3 /* ProductiveUITestsLaunchTests.swift */ = {isa = PBXFileReference; lastKnownFileType = sourcecode.swift; path = ProductiveUITestsLaunchTests.swift; sourceTree = "<group>"; };
		E85E19B529F17BB40018D3E3 /* DrinkView.swift */ = {isa = PBXFileReference; lastKnownFileType = sourcecode.swift; path = DrinkView.swift; sourceTree = "<group>"; };
		E85E19B729F17BC20018D3E3 /* GroupView.swift */ = {isa = PBXFileReference; lastKnownFileType = sourcecode.swift; name = GroupView.swift; path = ../GroupView.swift; sourceTree = "<group>"; };
		E85E19B929F17BCB0018D3E3 /* HistoryView.swift */ = {isa = PBXFileReference; lastKnownFileType = sourcecode.swift; path = HistoryView.swift; sourceTree = "<group>"; };
		E85E19BB29F17BD40018D3E3 /* SettingsView.swift */ = {isa = PBXFileReference; lastKnownFileType = sourcecode.swift; path = SettingsView.swift; sourceTree = "<group>"; };
		E85E19BD29F291880018D3E3 /* GoogleService-Info.plist */ = {isa = PBXFileReference; fileEncoding = 4; lastKnownFileType = text.plist; name = "GoogleService-Info.plist"; path = "../../../../../../Downloads/GoogleService-Info.plist"; sourceTree = "<group>"; };
/* End PBXFileReference section */

/* Begin PBXFrameworksBuildPhase section */
		E85E198529F17ABF0018D3E3 /* Frameworks */ = {
			isa = PBXFrameworksBuildPhase;
			buildActionMask = 2147483647;
			files = (
				2770236529F5AF5B00F0FC7E /* FirebaseDatabase in Frameworks */,
				2770237329F5AF5B00F0FC7E /* FirebaseFunctionsCombine-Community in Frameworks */,
				2770236B29F5AF5B00F0FC7E /* FirebaseFirestore in Frameworks */,
				2770235729F5AF5B00F0FC7E /* FirebaseAnalyticsSwift in Frameworks */,
				2770235329F5AF5B00F0FC7E /* FirebaseAnalytics in Frameworks */,
				2770235529F5AF5B00F0FC7E /* FirebaseAnalyticsOnDeviceConversion in Frameworks */,
				2770237B29F5AF5B00F0FC7E /* FirebaseMLModelDownloader in Frameworks */,
				2770236F29F5AF5B00F0FC7E /* FirebaseFirestoreSwift in Frameworks */,
				2770235B29F5AF5B00F0FC7E /* FirebaseAppCheck in Frameworks */,
				2770235929F5AF5B00F0FC7E /* FirebaseAnalyticsWithoutAdIdSupport in Frameworks */,
				2770235F29F5AF5B00F0FC7E /* FirebaseAuth in Frameworks */,
				2770236329F5AF5B00F0FC7E /* FirebaseCrashlytics in Frameworks */,
				2770238329F5AF5B00F0FC7E /* FirebaseRemoteConfigSwift in Frameworks */,
				2770237529F5AF5B00F0FC7E /* FirebaseInAppMessaging-Beta in Frameworks */,
				2770236729F5AF5B00F0FC7E /* FirebaseDatabaseSwift in Frameworks */,
				2770237129F5AF5B00F0FC7E /* FirebaseFunctions in Frameworks */,
				2770238729F5AF5B00F0FC7E /* FirebaseStorageCombine-Community in Frameworks */,
				2770238129F5AF5B00F0FC7E /* FirebaseRemoteConfig in Frameworks */,
				2770235D29F5AF5B00F0FC7E /* FirebaseAppDistribution-Beta in Frameworks */,
				2770236129F5AF5B00F0FC7E /* FirebaseAuthCombine-Community in Frameworks */,
				2770237F29F5AF5B00F0FC7E /* FirebasePerformance in Frameworks */,
				2770237729F5AF5B00F0FC7E /* FirebaseInAppMessagingSwift-Beta in Frameworks */,
				2770238529F5AF5B00F0FC7E /* FirebaseStorage in Frameworks */,
				2770236929F5AF5B00F0FC7E /* FirebaseDynamicLinks in Frameworks */,
				2770236D29F5AF5B00F0FC7E /* FirebaseFirestoreCombine-Community in Frameworks */,
				2770237D29F5AF5B00F0FC7E /* FirebaseMessaging in Frameworks */,
				2770237929F5AF5B00F0FC7E /* FirebaseInstallations in Frameworks */,
			);
			runOnlyForDeploymentPostprocessing = 0;
		};
		E85E199529F17AC00018D3E3 /* Frameworks */ = {
			isa = PBXFrameworksBuildPhase;
			buildActionMask = 2147483647;
			files = (
			);
			runOnlyForDeploymentPostprocessing = 0;
		};
		E85E199F29F17AC00018D3E3 /* Frameworks */ = {
			isa = PBXFrameworksBuildPhase;
			buildActionMask = 2147483647;
			files = (
			);
			runOnlyForDeploymentPostprocessing = 0;
		};
/* End PBXFrameworksBuildPhase section */

/* Begin PBXGroup section */
		27B0D22029F30A17001203E8 /* GroupChats */ = {
			isa = PBXGroup;
			children = (
				E85E19B729F17BC20018D3E3 /* GroupView.swift */,
				27B0D22929F581AE001203E8 /* Groups.swift */,
				2770238A29F5B5D600F0FC7E /* DataManager.swift */,
			);
			path = GroupChats;
			sourceTree = "<group>";
		};
		E85E197F29F17ABF0018D3E3 = {
			isa = PBXGroup;
			children = (
				E85E198A29F17ABF0018D3E3 /* Productive */,
				E85E199B29F17AC00018D3E3 /* ProductiveTests */,
				E85E19A529F17AC00018D3E3 /* ProductiveUITests */,
				E85E198929F17ABF0018D3E3 /* Products */,
				5754C47B29F2DC5E006984A3 /* Frameworks */,
			);
			sourceTree = "<group>";
		};
		E85E198929F17ABF0018D3E3 /* Products */ = {
			isa = PBXGroup;
			children = (
				E85E198829F17ABF0018D3E3 /* Productive.app */,
				E85E199829F17AC00018D3E3 /* ProductiveTests.xctest */,
				E85E19A229F17AC00018D3E3 /* ProductiveUITests.xctest */,
			);
			name = Products;
			sourceTree = "<group>";
		};
		E85E198A29F17ABF0018D3E3 /* Productive */ = {
			isa = PBXGroup;
			children = (
				27B0D22029F30A17001203E8 /* GroupChats */,
				E85E198B29F17ABF0018D3E3 /* ProductiveApp.swift */,
				E85E198D29F17ABF0018D3E3 /* ContentView.swift */,
				E85E198F29F17AC00018D3E3 /* Assets.xcassets */,
				E85E199129F17AC00018D3E3 /* Preview Content */,
				E85E19B529F17BB40018D3E3 /* DrinkView.swift */,
				E85E19B929F17BCB0018D3E3 /* HistoryView.swift */,
				E85E19BB29F17BD40018D3E3 /* SettingsView.swift */,
				E85E19BD29F291880018D3E3 /* GoogleService-Info.plist */,
			);
			path = Productive;
			sourceTree = "<group>";
		};
		E85E199129F17AC00018D3E3 /* Preview Content */ = {
			isa = PBXGroup;
			children = (
				E85E199229F17AC00018D3E3 /* Preview Assets.xcassets */,
			);
			path = "Preview Content";
			sourceTree = "<group>";
		};
		E85E199B29F17AC00018D3E3 /* ProductiveTests */ = {
			isa = PBXGroup;
			children = (
				E85E199C29F17AC00018D3E3 /* ProductiveTests.swift */,
			);
			path = ProductiveTests;
			sourceTree = "<group>";
		};
		E85E19A529F17AC00018D3E3 /* ProductiveUITests */ = {
			isa = PBXGroup;
			children = (
				E85E19A629F17AC00018D3E3 /* ProductiveUITests.swift */,
				E85E19A829F17AC00018D3E3 /* ProductiveUITestsLaunchTests.swift */,
			);
			path = ProductiveUITests;
			sourceTree = "<group>";
		};
/* End PBXGroup section */

/* Begin PBXNativeTarget section */
		E85E198729F17ABF0018D3E3 /* Productive */ = {
			isa = PBXNativeTarget;
			buildConfigurationList = E85E19AC29F17AC00018D3E3 /* Build configuration list for PBXNativeTarget "Productive" */;
			buildPhases = (
				E85E198429F17ABF0018D3E3 /* Sources */,
				E85E198529F17ABF0018D3E3 /* Frameworks */,
				E85E198629F17ABF0018D3E3 /* Resources */,
			);
			buildRules = (
			);
			dependencies = (
			);
			name = Productive;
			packageProductDependencies = (
				2770235229F5AF5B00F0FC7E /* FirebaseAnalytics */,
				2770235429F5AF5B00F0FC7E /* FirebaseAnalyticsOnDeviceConversion */,
				2770235629F5AF5B00F0FC7E /* FirebaseAnalyticsSwift */,
				2770235829F5AF5B00F0FC7E /* FirebaseAnalyticsWithoutAdIdSupport */,
				2770235A29F5AF5B00F0FC7E /* FirebaseAppCheck */,
				2770235C29F5AF5B00F0FC7E /* FirebaseAppDistribution-Beta */,
				2770235E29F5AF5B00F0FC7E /* FirebaseAuth */,
				2770236029F5AF5B00F0FC7E /* FirebaseAuthCombine-Community */,
				2770236229F5AF5B00F0FC7E /* FirebaseCrashlytics */,
				2770236429F5AF5B00F0FC7E /* FirebaseDatabase */,
				2770236629F5AF5B00F0FC7E /* FirebaseDatabaseSwift */,
				2770236829F5AF5B00F0FC7E /* FirebaseDynamicLinks */,
				2770236A29F5AF5B00F0FC7E /* FirebaseFirestore */,
				2770236C29F5AF5B00F0FC7E /* FirebaseFirestoreCombine-Community */,
				2770236E29F5AF5B00F0FC7E /* FirebaseFirestoreSwift */,
				2770237029F5AF5B00F0FC7E /* FirebaseFunctions */,
				2770237229F5AF5B00F0FC7E /* FirebaseFunctionsCombine-Community */,
				2770237429F5AF5B00F0FC7E /* FirebaseInAppMessaging-Beta */,
				2770237629F5AF5B00F0FC7E /* FirebaseInAppMessagingSwift-Beta */,
				2770237829F5AF5B00F0FC7E /* FirebaseInstallations */,
				2770237A29F5AF5B00F0FC7E /* FirebaseMLModelDownloader */,
				2770237C29F5AF5B00F0FC7E /* FirebaseMessaging */,
				2770237E29F5AF5B00F0FC7E /* FirebasePerformance */,
				2770238029F5AF5B00F0FC7E /* FirebaseRemoteConfig */,
				2770238229F5AF5B00F0FC7E /* FirebaseRemoteConfigSwift */,
				2770238429F5AF5B00F0FC7E /* FirebaseStorage */,
				2770238629F5AF5B00F0FC7E /* FirebaseStorageCombine-Community */,
			);
			productName = Productive;
			productReference = E85E198829F17ABF0018D3E3 /* Productive.app */;
			productType = "com.apple.product-type.application";
		};
		E85E199729F17AC00018D3E3 /* ProductiveTests */ = {
			isa = PBXNativeTarget;
			buildConfigurationList = E85E19AF29F17AC00018D3E3 /* Build configuration list for PBXNativeTarget "ProductiveTests" */;
			buildPhases = (
				E85E199429F17AC00018D3E3 /* Sources */,
				E85E199529F17AC00018D3E3 /* Frameworks */,
				E85E199629F17AC00018D3E3 /* Resources */,
			);
			buildRules = (
			);
			dependencies = (
				E85E199A29F17AC00018D3E3 /* PBXTargetDependency */,
			);
			name = ProductiveTests;
			productName = ProductiveTests;
			productReference = E85E199829F17AC00018D3E3 /* ProductiveTests.xctest */;
			productType = "com.apple.product-type.bundle.unit-test";
		};
		E85E19A129F17AC00018D3E3 /* ProductiveUITests */ = {
			isa = PBXNativeTarget;
			buildConfigurationList = E85E19B229F17AC00018D3E3 /* Build configuration list for PBXNativeTarget "ProductiveUITests" */;
			buildPhases = (
				E85E199E29F17AC00018D3E3 /* Sources */,
				E85E199F29F17AC00018D3E3 /* Frameworks */,
				E85E19A029F17AC00018D3E3 /* Resources */,
			);
			buildRules = (
			);
			dependencies = (
				E85E19A429F17AC00018D3E3 /* PBXTargetDependency */,
			);
			name = ProductiveUITests;
			productName = ProductiveUITests;
			productReference = E85E19A229F17AC00018D3E3 /* ProductiveUITests.xctest */;
			productType = "com.apple.product-type.bundle.ui-testing";
		};
/* End PBXNativeTarget section */

/* Begin PBXProject section */
		E85E198029F17ABF0018D3E3 /* Project object */ = {
			isa = PBXProject;
			attributes = {
				BuildIndependentTargetsInParallel = 1;
				LastSwiftUpdateCheck = 1410;
				LastUpgradeCheck = 1410;
				TargetAttributes = {
					E85E198729F17ABF0018D3E3 = {
						CreatedOnToolsVersion = 14.1;
					};
					E85E199729F17AC00018D3E3 = {
						CreatedOnToolsVersion = 14.1;
						TestTargetID = E85E198729F17ABF0018D3E3;
					};
					E85E19A129F17AC00018D3E3 = {
						CreatedOnToolsVersion = 14.1;
						TestTargetID = E85E198729F17ABF0018D3E3;
					};
				};
			};
			buildConfigurationList = E85E198329F17ABF0018D3E3 /* Build configuration list for PBXProject "Productive" */;
			compatibilityVersion = "Xcode 14.0";
			developmentRegion = en;
			hasScannedForEncodings = 0;
			knownRegions = (
				en,
				Base,
			);
			mainGroup = E85E197F29F17ABF0018D3E3;
			packageReferences = (
				2770235129F5AF5B00F0FC7E /* XCRemoteSwiftPackageReference "firebase-ios-sdk" */,
			);
			productRefGroup = E85E198929F17ABF0018D3E3 /* Products */;
			projectDirPath = "";
			projectRoot = "";
			targets = (
				E85E198729F17ABF0018D3E3 /* Productive */,
				E85E199729F17AC00018D3E3 /* ProductiveTests */,
				E85E19A129F17AC00018D3E3 /* ProductiveUITests */,
			);
		};
/* End PBXProject section */

/* Begin PBXResourcesBuildPhase section */
		E85E198629F17ABF0018D3E3 /* Resources */ = {
			isa = PBXResourcesBuildPhase;
			buildActionMask = 2147483647;
			files = (
				E85E199329F17AC00018D3E3 /* Preview Assets.xcassets in Resources */,
				E85E199029F17AC00018D3E3 /* Assets.xcassets in Resources */,
				E85E19BE29F291880018D3E3 /* GoogleService-Info.plist in Resources */,
			);
			runOnlyForDeploymentPostprocessing = 0;
		};
		E85E199629F17AC00018D3E3 /* Resources */ = {
			isa = PBXResourcesBuildPhase;
			buildActionMask = 2147483647;
			files = (
			);
			runOnlyForDeploymentPostprocessing = 0;
		};
		E85E19A029F17AC00018D3E3 /* Resources */ = {
			isa = PBXResourcesBuildPhase;
			buildActionMask = 2147483647;
			files = (
			);
			runOnlyForDeploymentPostprocessing = 0;
		};
/* End PBXResourcesBuildPhase section */

/* Begin PBXSourcesBuildPhase section */
		E85E198429F17ABF0018D3E3 /* Sources */ = {
			isa = PBXSourcesBuildPhase;
			buildActionMask = 2147483647;
			files = (
				5754C47A29F2B3A9006984A3 /* SignInView.swift in Sources */,
				E85E19B629F17BB40018D3E3 /* DrinkView.swift in Sources */,
				E85E198E29F17ABF0018D3E3 /* ContentView.swift in Sources */,
				E85E19BA29F17BCB0018D3E3 /* HistoryView.swift in Sources */,
				E85E19BC29F17BD40018D3E3 /* SettingsView.swift in Sources */,
				5754C47829F2B048006984A3 /* SignUpView.swift in Sources */,
				E85E19B829F17BC20018D3E3 /* GroupView.swift in Sources */,
				5754C47629F2AAAD006984A3 /* WelcomePageView.swift in Sources */,
				E85E198C29F17ABF0018D3E3 /* ProductiveApp.swift in Sources */,
				2770238B29F5B5D600F0FC7E /* DataManager.swift in Sources */,
				27B0D22A29F581AE001203E8 /* Groups.swift in Sources */,
			);
			runOnlyForDeploymentPostprocessing = 0;
		};
		E85E199429F17AC00018D3E3 /* Sources */ = {
			isa = PBXSourcesBuildPhase;
			buildActionMask = 2147483647;
			files = (
				E85E199D29F17AC00018D3E3 /* ProductiveTests.swift in Sources */,
			);
			runOnlyForDeploymentPostprocessing = 0;
		};
		E85E199E29F17AC00018D3E3 /* Sources */ = {
			isa = PBXSourcesBuildPhase;
			buildActionMask = 2147483647;
			files = (
				E85E19A729F17AC00018D3E3 /* ProductiveUITests.swift in Sources */,
				E85E19A929F17AC00018D3E3 /* ProductiveUITestsLaunchTests.swift in Sources */,
			);
			runOnlyForDeploymentPostprocessing = 0;
		};
/* End PBXSourcesBuildPhase section */

/* Begin PBXTargetDependency section */
		E85E199A29F17AC00018D3E3 /* PBXTargetDependency */ = {
			isa = PBXTargetDependency;
			target = E85E198729F17ABF0018D3E3 /* Productive */;
			targetProxy = E85E199929F17AC00018D3E3 /* PBXContainerItemProxy */;
		};
		E85E19A429F17AC00018D3E3 /* PBXTargetDependency */ = {
			isa = PBXTargetDependency;
			target = E85E198729F17ABF0018D3E3 /* Productive */;
			targetProxy = E85E19A329F17AC00018D3E3 /* PBXContainerItemProxy */;
		};
/* End PBXTargetDependency section */

/* Begin XCBuildConfiguration section */
		E85E19AA29F17AC00018D3E3 /* Debug */ = {
			isa = XCBuildConfiguration;
			buildSettings = {
				ALWAYS_SEARCH_USER_PATHS = NO;
				CLANG_ANALYZER_NONNULL = YES;
				CLANG_ANALYZER_NUMBER_OBJECT_CONVERSION = YES_AGGRESSIVE;
				CLANG_CXX_LANGUAGE_STANDARD = "gnu++20";
				CLANG_ENABLE_MODULES = YES;
				CLANG_ENABLE_OBJC_ARC = YES;
				CLANG_ENABLE_OBJC_WEAK = YES;
				CLANG_WARN_BLOCK_CAPTURE_AUTORELEASING = YES;
				CLANG_WARN_BOOL_CONVERSION = YES;
				CLANG_WARN_COMMA = YES;
				CLANG_WARN_CONSTANT_CONVERSION = YES;
				CLANG_WARN_DEPRECATED_OBJC_IMPLEMENTATIONS = YES;
				CLANG_WARN_DIRECT_OBJC_ISA_USAGE = YES_ERROR;
				CLANG_WARN_DOCUMENTATION_COMMENTS = YES;
				CLANG_WARN_EMPTY_BODY = YES;
				CLANG_WARN_ENUM_CONVERSION = YES;
				CLANG_WARN_INFINITE_RECURSION = YES;
				CLANG_WARN_INT_CONVERSION = YES;
				CLANG_WARN_NON_LITERAL_NULL_CONVERSION = YES;
				CLANG_WARN_OBJC_IMPLICIT_RETAIN_SELF = YES;
				CLANG_WARN_OBJC_LITERAL_CONVERSION = YES;
				CLANG_WARN_OBJC_ROOT_CLASS = YES_ERROR;
				CLANG_WARN_QUOTED_INCLUDE_IN_FRAMEWORK_HEADER = YES;
				CLANG_WARN_RANGE_LOOP_ANALYSIS = YES;
				CLANG_WARN_STRICT_PROTOTYPES = YES;
				CLANG_WARN_SUSPICIOUS_MOVE = YES;
				CLANG_WARN_UNGUARDED_AVAILABILITY = YES_AGGRESSIVE;
				CLANG_WARN_UNREACHABLE_CODE = YES;
				CLANG_WARN__DUPLICATE_METHOD_MATCH = YES;
				COPY_PHASE_STRIP = NO;
				DEBUG_INFORMATION_FORMAT = dwarf;
				ENABLE_STRICT_OBJC_MSGSEND = YES;
				ENABLE_TESTABILITY = YES;
				GCC_C_LANGUAGE_STANDARD = gnu11;
				GCC_DYNAMIC_NO_PIC = NO;
				GCC_NO_COMMON_BLOCKS = YES;
				GCC_OPTIMIZATION_LEVEL = 0;
				GCC_PREPROCESSOR_DEFINITIONS = (
					"DEBUG=1",
					"$(inherited)",
				);
				GCC_WARN_64_TO_32_BIT_CONVERSION = YES;
				GCC_WARN_ABOUT_RETURN_TYPE = YES_ERROR;
				GCC_WARN_UNDECLARED_SELECTOR = YES;
				GCC_WARN_UNINITIALIZED_AUTOS = YES_AGGRESSIVE;
				GCC_WARN_UNUSED_FUNCTION = YES;
				GCC_WARN_UNUSED_VARIABLE = YES;
				IPHONEOS_DEPLOYMENT_TARGET = 16.1;
				MTL_ENABLE_DEBUG_INFO = INCLUDE_SOURCE;
				MTL_FAST_MATH = YES;
				ONLY_ACTIVE_ARCH = YES;
				SDKROOT = iphoneos;
				SWIFT_ACTIVE_COMPILATION_CONDITIONS = DEBUG;
				SWIFT_OPTIMIZATION_LEVEL = "-Onone";
			};
			name = Debug;
		};
		E85E19AB29F17AC00018D3E3 /* Release */ = {
			isa = XCBuildConfiguration;
			buildSettings = {
				ALWAYS_SEARCH_USER_PATHS = NO;
				CLANG_ANALYZER_NONNULL = YES;
				CLANG_ANALYZER_NUMBER_OBJECT_CONVERSION = YES_AGGRESSIVE;
				CLANG_CXX_LANGUAGE_STANDARD = "gnu++20";
				CLANG_ENABLE_MODULES = YES;
				CLANG_ENABLE_OBJC_ARC = YES;
				CLANG_ENABLE_OBJC_WEAK = YES;
				CLANG_WARN_BLOCK_CAPTURE_AUTORELEASING = YES;
				CLANG_WARN_BOOL_CONVERSION = YES;
				CLANG_WARN_COMMA = YES;
				CLANG_WARN_CONSTANT_CONVERSION = YES;
				CLANG_WARN_DEPRECATED_OBJC_IMPLEMENTATIONS = YES;
				CLANG_WARN_DIRECT_OBJC_ISA_USAGE = YES_ERROR;
				CLANG_WARN_DOCUMENTATION_COMMENTS = YES;
				CLANG_WARN_EMPTY_BODY = YES;
				CLANG_WARN_ENUM_CONVERSION = YES;
				CLANG_WARN_INFINITE_RECURSION = YES;
				CLANG_WARN_INT_CONVERSION = YES;
				CLANG_WARN_NON_LITERAL_NULL_CONVERSION = YES;
				CLANG_WARN_OBJC_IMPLICIT_RETAIN_SELF = YES;
				CLANG_WARN_OBJC_LITERAL_CONVERSION = YES;
				CLANG_WARN_OBJC_ROOT_CLASS = YES_ERROR;
				CLANG_WARN_QUOTED_INCLUDE_IN_FRAMEWORK_HEADER = YES;
				CLANG_WARN_RANGE_LOOP_ANALYSIS = YES;
				CLANG_WARN_STRICT_PROTOTYPES = YES;
				CLANG_WARN_SUSPICIOUS_MOVE = YES;
				CLANG_WARN_UNGUARDED_AVAILABILITY = YES_AGGRESSIVE;
				CLANG_WARN_UNREACHABLE_CODE = YES;
				CLANG_WARN__DUPLICATE_METHOD_MATCH = YES;
				COPY_PHASE_STRIP = NO;
				DEBUG_INFORMATION_FORMAT = "dwarf-with-dsym";
				ENABLE_NS_ASSERTIONS = NO;
				ENABLE_STRICT_OBJC_MSGSEND = YES;
				GCC_C_LANGUAGE_STANDARD = gnu11;
				GCC_NO_COMMON_BLOCKS = YES;
				GCC_WARN_64_TO_32_BIT_CONVERSION = YES;
				GCC_WARN_ABOUT_RETURN_TYPE = YES_ERROR;
				GCC_WARN_UNDECLARED_SELECTOR = YES;
				GCC_WARN_UNINITIALIZED_AUTOS = YES_AGGRESSIVE;
				GCC_WARN_UNUSED_FUNCTION = YES;
				GCC_WARN_UNUSED_VARIABLE = YES;
				IPHONEOS_DEPLOYMENT_TARGET = 16.1;
				MTL_ENABLE_DEBUG_INFO = NO;
				MTL_FAST_MATH = YES;
				SDKROOT = iphoneos;
				SWIFT_COMPILATION_MODE = wholemodule;
				SWIFT_OPTIMIZATION_LEVEL = "-O";
				VALIDATE_PRODUCT = YES;
			};
			name = Release;
		};
		E85E19AD29F17AC00018D3E3 /* Debug */ = {
			isa = XCBuildConfiguration;
			buildSettings = {
				ASSETCATALOG_COMPILER_APPICON_NAME = AppIcon;
				ASSETCATALOG_COMPILER_GLOBAL_ACCENT_COLOR_NAME = AccentColor;
				CODE_SIGN_STYLE = Automatic;
				CURRENT_PROJECT_VERSION = 1;
				DEVELOPMENT_ASSET_PATHS = "\"Productive/Preview Content\"";
				ENABLE_PREVIEWS = YES;
				GENERATE_INFOPLIST_FILE = YES;
				INFOPLIST_KEY_CFBundleDisplayName = Tonight;
				INFOPLIST_KEY_LSApplicationCategoryType = "public.app-category.healthcare-fitness";
				INFOPLIST_KEY_UIApplicationSceneManifest_Generation = YES;
				INFOPLIST_KEY_UIApplicationSupportsIndirectInputEvents = YES;
				INFOPLIST_KEY_UILaunchScreen_Generation = YES;
				INFOPLIST_KEY_UISupportedInterfaceOrientations = UIInterfaceOrientationPortrait;
				INFOPLIST_KEY_UISupportedInterfaceOrientations_iPad = "UIInterfaceOrientationLandscapeLeft UIInterfaceOrientationLandscapeRight UIInterfaceOrientationPortrait UIInterfaceOrientationPortraitUpsideDown";
				LD_RUNPATH_SEARCH_PATHS = (
					"$(inherited)",
					"@executable_path/Frameworks",
				);
				MARKETING_VERSION = 1.0;
				PRODUCT_BUNDLE_IDENTIFIER = schmarvin.Tonight;
				PRODUCT_NAME = "$(TARGET_NAME)";
				SWIFT_EMIT_LOC_STRINGS = YES;
				SWIFT_VERSION = 5.0;
				TARGETED_DEVICE_FAMILY = "1,2";
			};
			name = Debug;
		};
		E85E19AE29F17AC00018D3E3 /* Release */ = {
			isa = XCBuildConfiguration;
			buildSettings = {
				ASSETCATALOG_COMPILER_APPICON_NAME = AppIcon;
				ASSETCATALOG_COMPILER_GLOBAL_ACCENT_COLOR_NAME = AccentColor;
				CODE_SIGN_STYLE = Automatic;
				CURRENT_PROJECT_VERSION = 1;
				DEVELOPMENT_ASSET_PATHS = "\"Productive/Preview Content\"";
				ENABLE_PREVIEWS = YES;
				GENERATE_INFOPLIST_FILE = YES;
				INFOPLIST_KEY_CFBundleDisplayName = Tonight;
				INFOPLIST_KEY_LSApplicationCategoryType = "public.app-category.healthcare-fitness";
				INFOPLIST_KEY_UIApplicationSceneManifest_Generation = YES;
				INFOPLIST_KEY_UIApplicationSupportsIndirectInputEvents = YES;
				INFOPLIST_KEY_UILaunchScreen_Generation = YES;
				INFOPLIST_KEY_UISupportedInterfaceOrientations = UIInterfaceOrientationPortrait;
				INFOPLIST_KEY_UISupportedInterfaceOrientations_iPad = "UIInterfaceOrientationLandscapeLeft UIInterfaceOrientationLandscapeRight UIInterfaceOrientationPortrait UIInterfaceOrientationPortraitUpsideDown";
				LD_RUNPATH_SEARCH_PATHS = (
					"$(inherited)",
					"@executable_path/Frameworks",
				);
				MARKETING_VERSION = 1.0;
				PRODUCT_BUNDLE_IDENTIFIER = schmarvin.Tonight;
				PRODUCT_NAME = "$(TARGET_NAME)";
				SWIFT_EMIT_LOC_STRINGS = YES;
				SWIFT_VERSION = 5.0;
				TARGETED_DEVICE_FAMILY = "1,2";
			};
			name = Release;
		};
		E85E19B029F17AC00018D3E3 /* Debug */ = {
			isa = XCBuildConfiguration;
			buildSettings = {
				ALWAYS_EMBED_SWIFT_STANDARD_LIBRARIES = YES;
				BUNDLE_LOADER = "$(TEST_HOST)";
				CODE_SIGN_STYLE = Automatic;
				CURRENT_PROJECT_VERSION = 1;
				GENERATE_INFOPLIST_FILE = YES;
				IPHONEOS_DEPLOYMENT_TARGET = 16.1;
				MARKETING_VERSION = 1.0;
				PRODUCT_BUNDLE_IDENTIFIER = schmarvin.ProductiveTests;
				PRODUCT_NAME = "$(TARGET_NAME)";
				SWIFT_EMIT_LOC_STRINGS = NO;
				SWIFT_VERSION = 5.0;
				TARGETED_DEVICE_FAMILY = "1,2";
				TEST_HOST = "$(BUILT_PRODUCTS_DIR)/Productive.app/$(BUNDLE_EXECUTABLE_FOLDER_PATH)/Productive";
			};
			name = Debug;
		};
		E85E19B129F17AC00018D3E3 /* Release */ = {
			isa = XCBuildConfiguration;
			buildSettings = {
				ALWAYS_EMBED_SWIFT_STANDARD_LIBRARIES = YES;
				BUNDLE_LOADER = "$(TEST_HOST)";
				CODE_SIGN_STYLE = Automatic;
				CURRENT_PROJECT_VERSION = 1;
				GENERATE_INFOPLIST_FILE = YES;
				IPHONEOS_DEPLOYMENT_TARGET = 16.1;
				MARKETING_VERSION = 1.0;
				PRODUCT_BUNDLE_IDENTIFIER = schmarvin.ProductiveTests;
				PRODUCT_NAME = "$(TARGET_NAME)";
				SWIFT_EMIT_LOC_STRINGS = NO;
				SWIFT_VERSION = 5.0;
				TARGETED_DEVICE_FAMILY = "1,2";
				TEST_HOST = "$(BUILT_PRODUCTS_DIR)/Productive.app/$(BUNDLE_EXECUTABLE_FOLDER_PATH)/Productive";
			};
			name = Release;
		};
		E85E19B329F17AC00018D3E3 /* Debug */ = {
			isa = XCBuildConfiguration;
			buildSettings = {
				ALWAYS_EMBED_SWIFT_STANDARD_LIBRARIES = YES;
				CODE_SIGN_STYLE = Automatic;
				CURRENT_PROJECT_VERSION = 1;
				GENERATE_INFOPLIST_FILE = YES;
				MARKETING_VERSION = 1.0;
				PRODUCT_BUNDLE_IDENTIFIER = schmarvin.ProductiveUITests;
				PRODUCT_NAME = "$(TARGET_NAME)";
				SWIFT_EMIT_LOC_STRINGS = NO;
				SWIFT_VERSION = 5.0;
				TARGETED_DEVICE_FAMILY = "1,2";
				TEST_TARGET_NAME = Productive;
			};
			name = Debug;
		};
		E85E19B429F17AC00018D3E3 /* Release */ = {
			isa = XCBuildConfiguration;
			buildSettings = {
				ALWAYS_EMBED_SWIFT_STANDARD_LIBRARIES = YES;
				CODE_SIGN_STYLE = Automatic;
				CURRENT_PROJECT_VERSION = 1;
				GENERATE_INFOPLIST_FILE = YES;
				MARKETING_VERSION = 1.0;
				PRODUCT_BUNDLE_IDENTIFIER = schmarvin.ProductiveUITests;
				PRODUCT_NAME = "$(TARGET_NAME)";
				SWIFT_EMIT_LOC_STRINGS = NO;
				SWIFT_VERSION = 5.0;
				TARGETED_DEVICE_FAMILY = "1,2";
				TEST_TARGET_NAME = Productive;
			};
			name = Release;
		};
/* End XCBuildConfiguration section */

/* Begin XCConfigurationList section */
		E85E198329F17ABF0018D3E3 /* Build configuration list for PBXProject "Productive" */ = {
			isa = XCConfigurationList;
			buildConfigurations = (
				E85E19AA29F17AC00018D3E3 /* Debug */,
				E85E19AB29F17AC00018D3E3 /* Release */,
			);
			defaultConfigurationIsVisible = 0;
			defaultConfigurationName = Release;
		};
		E85E19AC29F17AC00018D3E3 /* Build configuration list for PBXNativeTarget "Productive" */ = {
			isa = XCConfigurationList;
			buildConfigurations = (
				E85E19AD29F17AC00018D3E3 /* Debug */,
				E85E19AE29F17AC00018D3E3 /* Release */,
			);
			defaultConfigurationIsVisible = 0;
			defaultConfigurationName = Release;
		};
		E85E19AF29F17AC00018D3E3 /* Build configuration list for PBXNativeTarget "ProductiveTests" */ = {
			isa = XCConfigurationList;
			buildConfigurations = (
				E85E19B029F17AC00018D3E3 /* Debug */,
				E85E19B129F17AC00018D3E3 /* Release */,
			);
			defaultConfigurationIsVisible = 0;
			defaultConfigurationName = Release;
		};
		E85E19B229F17AC00018D3E3 /* Build configuration list for PBXNativeTarget "ProductiveUITests" */ = {
			isa = XCConfigurationList;
			buildConfigurations = (
				E85E19B329F17AC00018D3E3 /* Debug */,
				E85E19B429F17AC00018D3E3 /* Release */,
			);
			defaultConfigurationIsVisible = 0;
			defaultConfigurationName = Release;
		};
/* End XCConfigurationList section */

/* Begin XCRemoteSwiftPackageReference section */
		2770235129F5AF5B00F0FC7E /* XCRemoteSwiftPackageReference "firebase-ios-sdk" */ = {
			isa = XCRemoteSwiftPackageReference;
			repositoryURL = "https://github.com/firebase/firebase-ios-sdk";
			requirement = {
				kind = upToNextMajorVersion;
				minimumVersion = 10.0.0;
			};
		};
/* End XCRemoteSwiftPackageReference section */

/* Begin XCSwiftPackageProductDependency section */
		5754C47C29F2DC5E006984A3 /* FirebaseAuth */ = {
			isa = XCSwiftPackageProductDependency;
			package = E85E19BF29F293690018D3E3 /* XCRemoteSwiftPackageReference "firebase-ios-sdk" */;
			productName = FirebaseAuth;
		};
		5754C47E29F2DC5E006984A3 /* FirebaseAuthCombine-Community */ = {
			isa = XCSwiftPackageProductDependency;
			package = E85E19BF29F293690018D3E3 /* XCRemoteSwiftPackageReference "firebase-ios-sdk" */;
			productName = "FirebaseAuthCombine-Community";
		};
		5754C48029F2DF17006984A3 /* FirebaseAnalyticsOnDeviceConversion */ = {
			isa = XCSwiftPackageProductDependency;
			package = E85E19BF29F293690018D3E3 /* XCRemoteSwiftPackageReference "firebase-ios-sdk" */;
			productName = FirebaseAnalyticsOnDeviceConversion;
		};
		5754C48229F2DF17006984A3 /* FirebaseAnalyticsWithoutAdIdSupport */ = {
			isa = XCSwiftPackageProductDependency;
			package = E85E19BF29F293690018D3E3 /* XCRemoteSwiftPackageReference "firebase-ios-sdk" */;
			productName = FirebaseAnalyticsWithoutAdIdSupport;
		};
		5754C48429F2DF17006984A3 /* FirebaseAppCheck */ = {
			isa = XCSwiftPackageProductDependency;
			package = E85E19BF29F293690018D3E3 /* XCRemoteSwiftPackageReference "firebase-ios-sdk" */;
			productName = FirebaseAppCheck;
		};
		5754C48629F2DF17006984A3 /* FirebaseAppDistribution-Beta */ = {
			isa = XCSwiftPackageProductDependency;
			package = E85E19BF29F293690018D3E3 /* XCRemoteSwiftPackageReference "firebase-ios-sdk" */;
			productName = "FirebaseAppDistribution-Beta";
		};
		5754C48829F2DF17006984A3 /* FirebaseCrashlytics */ = {
			isa = XCSwiftPackageProductDependency;
			package = E85E19BF29F293690018D3E3 /* XCRemoteSwiftPackageReference "firebase-ios-sdk" */;
			productName = FirebaseCrashlytics;
		};
		5754C48A29F2DF17006984A3 /* FirebaseDatabase */ = {
			isa = XCSwiftPackageProductDependency;
			package = E85E19BF29F293690018D3E3 /* XCRemoteSwiftPackageReference "firebase-ios-sdk" */;
			productName = FirebaseDatabase;
		};
		5754C48C29F2DF17006984A3 /* FirebaseDatabaseSwift */ = {
			isa = XCSwiftPackageProductDependency;
			package = E85E19BF29F293690018D3E3 /* XCRemoteSwiftPackageReference "firebase-ios-sdk" */;
			productName = FirebaseDatabaseSwift;
		};
		5754C48E29F2DF17006984A3 /* FirebaseDynamicLinks */ = {
			isa = XCSwiftPackageProductDependency;
			package = E85E19BF29F293690018D3E3 /* XCRemoteSwiftPackageReference "firebase-ios-sdk" */;
			productName = FirebaseDynamicLinks;
		};
		5754C49029F2DF17006984A3 /* FirebaseFirestore */ = {
			isa = XCSwiftPackageProductDependency;
			package = E85E19BF29F293690018D3E3 /* XCRemoteSwiftPackageReference "firebase-ios-sdk" */;
			productName = FirebaseFirestore;
		};
		5754C49229F2DF17006984A3 /* FirebaseFirestoreCombine-Community */ = {
			isa = XCSwiftPackageProductDependency;
			package = E85E19BF29F293690018D3E3 /* XCRemoteSwiftPackageReference "firebase-ios-sdk" */;
			productName = "FirebaseFirestoreCombine-Community";
		};
		5754C49429F2DF17006984A3 /* FirebaseFirestoreSwift */ = {
			isa = XCSwiftPackageProductDependency;
			package = E85E19BF29F293690018D3E3 /* XCRemoteSwiftPackageReference "firebase-ios-sdk" */;
			productName = FirebaseFirestoreSwift;
		};
		5754C49629F2DF17006984A3 /* FirebaseFunctions */ = {
			isa = XCSwiftPackageProductDependency;
			package = E85E19BF29F293690018D3E3 /* XCRemoteSwiftPackageReference "firebase-ios-sdk" */;
			productName = FirebaseFunctions;
		};
		5754C49829F2DF17006984A3 /* FirebaseFunctionsCombine-Community */ = {
			isa = XCSwiftPackageProductDependency;
			package = E85E19BF29F293690018D3E3 /* XCRemoteSwiftPackageReference "firebase-ios-sdk" */;
			productName = "FirebaseFunctionsCombine-Community";
		};
		5754C49A29F2DF17006984A3 /* FirebaseInAppMessaging-Beta */ = {
			isa = XCSwiftPackageProductDependency;
			package = E85E19BF29F293690018D3E3 /* XCRemoteSwiftPackageReference "firebase-ios-sdk" */;
			productName = "FirebaseInAppMessaging-Beta";
		};
		5754C49C29F2DF17006984A3 /* FirebaseInAppMessagingSwift-Beta */ = {
			isa = XCSwiftPackageProductDependency;
			package = E85E19BF29F293690018D3E3 /* XCRemoteSwiftPackageReference "firebase-ios-sdk" */;
			productName = "FirebaseInAppMessagingSwift-Beta";
		};
		5754C49E29F2DF17006984A3 /* FirebaseInstallations */ = {
			isa = XCSwiftPackageProductDependency;
			package = E85E19BF29F293690018D3E3 /* XCRemoteSwiftPackageReference "firebase-ios-sdk" */;
			productName = FirebaseInstallations;
		};
		5754C4A029F2DF17006984A3 /* FirebaseMessaging */ = {
			isa = XCSwiftPackageProductDependency;
			package = E85E19BF29F293690018D3E3 /* XCRemoteSwiftPackageReference "firebase-ios-sdk" */;
			productName = FirebaseMessaging;
		};
		5754C4A229F2DF17006984A3 /* FirebaseMLModelDownloader */ = {
			isa = XCSwiftPackageProductDependency;
			package = E85E19BF29F293690018D3E3 /* XCRemoteSwiftPackageReference "firebase-ios-sdk" */;
			productName = FirebaseMLModelDownloader;
		};
		5754C4A429F2DF17006984A3 /* FirebasePerformance */ = {
			isa = XCSwiftPackageProductDependency;
			package = E85E19BF29F293690018D3E3 /* XCRemoteSwiftPackageReference "firebase-ios-sdk" */;
			productName = FirebasePerformance;
		};
		5754C4A629F2DF17006984A3 /* FirebaseRemoteConfig */ = {
			isa = XCSwiftPackageProductDependency;
			package = E85E19BF29F293690018D3E3 /* XCRemoteSwiftPackageReference "firebase-ios-sdk" */;
			productName = FirebaseRemoteConfig;
		};
		5754C4A829F2DF17006984A3 /* FirebaseRemoteConfigSwift */ = {
			isa = XCSwiftPackageProductDependency;
			package = E85E19BF29F293690018D3E3 /* XCRemoteSwiftPackageReference "firebase-ios-sdk" */;
			productName = FirebaseRemoteConfigSwift;
		};
		5754C4AA29F2DF17006984A3 /* FirebaseStorage */ = {
			isa = XCSwiftPackageProductDependency;
			package = E85E19BF29F293690018D3E3 /* XCRemoteSwiftPackageReference "firebase-ios-sdk" */;
			productName = FirebaseStorage;
		};
		5754C4AC29F2DF17006984A3 /* FirebaseStorageCombine-Community */ = {
			isa = XCSwiftPackageProductDependency;
			package = E85E19BF29F293690018D3E3 /* XCRemoteSwiftPackageReference "firebase-ios-sdk" */;
			productName = "FirebaseStorageCombine-Community";
		};
		E85E19C029F293690018D3E3 /* FirebaseAnalytics */ = {
			isa = XCSwiftPackageProductDependency;
			package = 2770235129F5AF5B00F0FC7E /* XCRemoteSwiftPackageReference "firebase-ios-sdk" */;
			productName = FirebaseAnalytics;
		};
		2770235429F5AF5B00F0FC7E /* FirebaseAnalyticsOnDeviceConversion */ = {
			isa = XCSwiftPackageProductDependency;
			package = 2770235129F5AF5B00F0FC7E /* XCRemoteSwiftPackageReference "firebase-ios-sdk" */;
			productName = FirebaseAnalyticsOnDeviceConversion;
		};
		2770235629F5AF5B00F0FC7E /* FirebaseAnalyticsSwift */ = {
			isa = XCSwiftPackageProductDependency;
			package = 2770235129F5AF5B00F0FC7E /* XCRemoteSwiftPackageReference "firebase-ios-sdk" */;
			productName = FirebaseAnalyticsSwift;
		};
		2770235829F5AF5B00F0FC7E /* FirebaseAnalyticsWithoutAdIdSupport */ = {
			isa = XCSwiftPackageProductDependency;
			package = 2770235129F5AF5B00F0FC7E /* XCRemoteSwiftPackageReference "firebase-ios-sdk" */;
			productName = FirebaseAnalyticsWithoutAdIdSupport;
		};
		2770235A29F5AF5B00F0FC7E /* FirebaseAppCheck */ = {
			isa = XCSwiftPackageProductDependency;
			package = 2770235129F5AF5B00F0FC7E /* XCRemoteSwiftPackageReference "firebase-ios-sdk" */;
			productName = FirebaseAppCheck;
		};
		2770235C29F5AF5B00F0FC7E /* FirebaseAppDistribution-Beta */ = {
			isa = XCSwiftPackageProductDependency;
			package = 2770235129F5AF5B00F0FC7E /* XCRemoteSwiftPackageReference "firebase-ios-sdk" */;
			productName = "FirebaseAppDistribution-Beta";
		};
		2770235E29F5AF5B00F0FC7E /* FirebaseAuth */ = {
			isa = XCSwiftPackageProductDependency;
			package = 2770235129F5AF5B00F0FC7E /* XCRemoteSwiftPackageReference "firebase-ios-sdk" */;
			productName = FirebaseAuth;
		};
		2770236029F5AF5B00F0FC7E /* FirebaseAuthCombine-Community */ = {
			isa = XCSwiftPackageProductDependency;
			package = 2770235129F5AF5B00F0FC7E /* XCRemoteSwiftPackageReference "firebase-ios-sdk" */;
			productName = "FirebaseAuthCombine-Community";
		};
		2770236229F5AF5B00F0FC7E /* FirebaseCrashlytics */ = {
			isa = XCSwiftPackageProductDependency;
			package = 2770235129F5AF5B00F0FC7E /* XCRemoteSwiftPackageReference "firebase-ios-sdk" */;
			productName = FirebaseCrashlytics;
		};
		2770236429F5AF5B00F0FC7E /* FirebaseDatabase */ = {
			isa = XCSwiftPackageProductDependency;
			package = 2770235129F5AF5B00F0FC7E /* XCRemoteSwiftPackageReference "firebase-ios-sdk" */;
			productName = FirebaseDatabase;
		};
		2770236629F5AF5B00F0FC7E /* FirebaseDatabaseSwift */ = {
			isa = XCSwiftPackageProductDependency;
			package = 2770235129F5AF5B00F0FC7E /* XCRemoteSwiftPackageReference "firebase-ios-sdk" */;
			productName = FirebaseDatabaseSwift;
		};
		2770236829F5AF5B00F0FC7E /* FirebaseDynamicLinks */ = {
			isa = XCSwiftPackageProductDependency;
			package = 2770235129F5AF5B00F0FC7E /* XCRemoteSwiftPackageReference "firebase-ios-sdk" */;
			productName = FirebaseDynamicLinks;
		};
		2770236A29F5AF5B00F0FC7E /* FirebaseFirestore */ = {
			isa = XCSwiftPackageProductDependency;
			package = 2770235129F5AF5B00F0FC7E /* XCRemoteSwiftPackageReference "firebase-ios-sdk" */;
			productName = FirebaseFirestore;
		};
		2770236C29F5AF5B00F0FC7E /* FirebaseFirestoreCombine-Community */ = {
			isa = XCSwiftPackageProductDependency;
			package = 2770235129F5AF5B00F0FC7E /* XCRemoteSwiftPackageReference "firebase-ios-sdk" */;
			productName = "FirebaseFirestoreCombine-Community";
		};
		2770236E29F5AF5B00F0FC7E /* FirebaseFirestoreSwift */ = {
			isa = XCSwiftPackageProductDependency;
			package = 2770235129F5AF5B00F0FC7E /* XCRemoteSwiftPackageReference "firebase-ios-sdk" */;
			productName = FirebaseFirestoreSwift;
		};
		2770237029F5AF5B00F0FC7E /* FirebaseFunctions */ = {
			isa = XCSwiftPackageProductDependency;
			package = 2770235129F5AF5B00F0FC7E /* XCRemoteSwiftPackageReference "firebase-ios-sdk" */;
			productName = FirebaseFunctions;
		};
		2770237229F5AF5B00F0FC7E /* FirebaseFunctionsCombine-Community */ = {
			isa = XCSwiftPackageProductDependency;
			package = 2770235129F5AF5B00F0FC7E /* XCRemoteSwiftPackageReference "firebase-ios-sdk" */;
			productName = "FirebaseFunctionsCombine-Community";
		};
		2770237429F5AF5B00F0FC7E /* FirebaseInAppMessaging-Beta */ = {
			isa = XCSwiftPackageProductDependency;
			package = 2770235129F5AF5B00F0FC7E /* XCRemoteSwiftPackageReference "firebase-ios-sdk" */;
			productName = "FirebaseInAppMessaging-Beta";
		};
		2770237629F5AF5B00F0FC7E /* FirebaseInAppMessagingSwift-Beta */ = {
			isa = XCSwiftPackageProductDependency;
			package = 2770235129F5AF5B00F0FC7E /* XCRemoteSwiftPackageReference "firebase-ios-sdk" */;
			productName = "FirebaseInAppMessagingSwift-Beta";
		};
		2770237829F5AF5B00F0FC7E /* FirebaseInstallations */ = {
			isa = XCSwiftPackageProductDependency;
			package = 2770235129F5AF5B00F0FC7E /* XCRemoteSwiftPackageReference "firebase-ios-sdk" */;
			productName = FirebaseInstallations;
		};
		2770237A29F5AF5B00F0FC7E /* FirebaseMLModelDownloader */ = {
			isa = XCSwiftPackageProductDependency;
			package = 2770235129F5AF5B00F0FC7E /* XCRemoteSwiftPackageReference "firebase-ios-sdk" */;
			productName = FirebaseMLModelDownloader;
		};
		2770237C29F5AF5B00F0FC7E /* FirebaseMessaging */ = {
			isa = XCSwiftPackageProductDependency;
			package = 2770235129F5AF5B00F0FC7E /* XCRemoteSwiftPackageReference "firebase-ios-sdk" */;
			productName = FirebaseMessaging;
		};
		2770237E29F5AF5B00F0FC7E /* FirebasePerformance */ = {
			isa = XCSwiftPackageProductDependency;
			package = 2770235129F5AF5B00F0FC7E /* XCRemoteSwiftPackageReference "firebase-ios-sdk" */;
			productName = FirebasePerformance;
		};
		2770238029F5AF5B00F0FC7E /* FirebaseRemoteConfig */ = {
			isa = XCSwiftPackageProductDependency;
			package = 2770235129F5AF5B00F0FC7E /* XCRemoteSwiftPackageReference "firebase-ios-sdk" */;
			productName = FirebaseRemoteConfig;
		};
		2770238229F5AF5B00F0FC7E /* FirebaseRemoteConfigSwift */ = {
			isa = XCSwiftPackageProductDependency;
			package = 2770235129F5AF5B00F0FC7E /* XCRemoteSwiftPackageReference "firebase-ios-sdk" */;
			productName = FirebaseRemoteConfigSwift;
		};
		2770238429F5AF5B00F0FC7E /* FirebaseStorage */ = {
			isa = XCSwiftPackageProductDependency;
			package = 2770235129F5AF5B00F0FC7E /* XCRemoteSwiftPackageReference "firebase-ios-sdk" */;
			productName = FirebaseStorage;
		};
		2770238629F5AF5B00F0FC7E /* FirebaseStorageCombine-Community */ = {
			isa = XCSwiftPackageProductDependency;
			package = 2770235129F5AF5B00F0FC7E /* XCRemoteSwiftPackageReference "firebase-ios-sdk" */;
			productName = "FirebaseStorageCombine-Community";
		};
/* End XCSwiftPackageProductDependency section */
	};
	rootObject = E85E198029F17ABF0018D3E3 /* Project object */;
}
